
Microsoft Visual Studio Solution File, Format Version 12.00
# Visual Studio 15
VisualStudioVersion = 15.0.27428.2037
MinimumVisualStudioVersion = 10.0.40219.1
Project("{FAE04EC0-301F-11D3-BF4B-00C04F79EFBC}") = "FlightMaster_RESTAPI", "FlightMaster_RESTAPI\FlightMaster_RESTAPI.csproj", "{DC70089C-968E-48A6-BF40-214BE446597A}"
EndProject
Global
	GlobalSection(SolutionConfigurationPlatforms) = preSolution
		Debug|Any CPU = Debug|Any CPU
		Release|Any CPU = Release|Any CPU
	EndGlobalSection
	GlobalSection(ProjectConfigurationPlatforms) = postSolution
		{DC70089C-968E-48A6-BF40-214BE446597A}.Debug|Any CPU.ActiveCfg = Debug|Any CPU
		{DC70089C-968E-48A6-BF40-214BE446597A}.Debug|Any CPU.Build.0 = Debug|Any CPU
		{DC70089C-968E-48A6-BF40-214BE446597A}.Release|Any CPU.ActiveCfg = Release|Any CPU
		{DC70089C-968E-48A6-BF40-214BE446597A}.Release|Any CPU.Build.0 = Release|Any CPU
	EndGlobalSection
	GlobalSection(SolutionProperties) = preSolution
		HideSolutionNode = FALSE
	EndGlobalSection
	GlobalSection(ExtensibilityGlobals) = postSolution
		SolutionGuid = {AA3B3BF9-1B96-4BB8-A136-474931C93509}
	EndGlobalSection
EndGlobal
